PODS:
  - Alamofire (5.1.0)
  - AlamofireImage (4.1.0):
    - Alamofire (~> 5.1)
  - ObjectMapper (3.5.2)
  - SwiftyJSON (4.3.0)

DEPENDENCIES:
  - AlamofireImage (~> 4.1)
  - ObjectMapper (~> 3.4)
  - SwiftyJSON (~> 4.0)

SPEC REPOS:
  trunk:
    - Alamofire
    - AlamofireImage
    - ObjectMapper
    - SwiftyJSON

SPEC CHECKSUMS:
  Alamofire: 9d5c5f602928e512395b30950c5984eca840093c
  AlamofireImage: c4a2ba349885fb3064feb74d2e547bd42ce9be10
  ObjectMapper: b53ae947d370bf89423e86be7d4e2d2b2a8d3f40
  SwiftyJSON: 6faa0040f8b59dead0ee07436cbf76b73c08fd08

PODFILE CHECKSUM: 64d0fc7eaede862536c93b29d7db4c4346fcb696

COCOAPODS: 1.9.1
