// !$*UTF8*$!
{
	archiveVersion = 1;
	classes = {
	};
	objectVersion = 50;
	objects = {

/* Begin PBXBuildFile section */
		111DB0352421C2B10072F108 /* AppDelegate.swift in Sources */ = {isa = PBXBuildFile; fileRef = 111DB0342421C2B10072F108 /* AppDelegate.swift */; };
		111DB0372421C2B10072F108 /* SceneDelegate.swift in Sources */ = {isa = PBXBuildFile; fileRef = 111DB0362421C2B10072F108 /* SceneDelegate.swift */; };
		111DB0392421C2B10072F108 /* ViewController.swift in Sources */ = {isa = PBXBuildFile; fileRef = 111DB0382421C2B10072F108 /* ViewController.swift */; };
		111DB03C2421C2B10072F108 /* Main.storyboard in Resources */ = {isa = PBXBuildFile; fileRef = 111DB03A2421C2B10072F108 /* Main.storyboard */; };
		111DB03E2421C2B10072F108 /* Assets.xcassets in Resources */ = {isa = PBXBuildFile; fileRef = 111DB03D2421C2B10072F108 /* Assets.xcassets */; };
		111DB0412421C2B10072F108 /* LaunchScreen.storyboard in Resources */ = {isa = PBXBuildFile; fileRef = 111DB03F2421C2B10072F108 /* LaunchScreen.storyboard */; };
		111DB04C2421C2B10072F108 /* FacebookTests.swift in Sources */ = {isa = PBXBuildFile; fileRef = 111DB04B2421C2B10072F108 /* FacebookTests.swift */; };
		111DB0572421C2B10072F108 /* FacebookUITests.swift in Sources */ = {isa = PBXBuildFile; fileRef = 111DB0562421C2B10072F108 /* FacebookUITests.swift */; };
/* End PBXBuildFile section */

/* Begin PBXContainerItemProxy section */
		111DB0482421C2B10072F108 /* PBXContainerItemProxy */ = {
			isa = PBXContainerItemProxy;
			containerPortal = 111DB0292421C2B10072F108 /* Project object */;
			proxyType = 1;
			remoteGlobalIDString = 111DB0302421C2B10072F108;
			remoteInfo = Facebook;
		};
		111DB0532421C2B10072F108 /* PBXContainerItemProxy */ = {
			isa = PBXContainerItemProxy;
			containerPortal = 111DB0292421C2B10072F108 /* Project object */;
			proxyType = 1;
			remoteGlobalIDString = 111DB0302421C2B10072F108;
			remoteInfo = Facebook;
		};
/* End PBXContainerItemProxy section */

/* Begin PBXFileReference section */
		111DB0312421C2B10072F108 /* Facebook.app */ = {isa = PBXFileReference; explicitFileType = wrapper.application; includeInIndex = 0; path = Facebook.app; sourceTree = BUILT_PRODUCTS_DIR; };
		111DB0342421C2B10072F108 /* AppDelegate.swift */ = {isa = PBXFileReference; lastKnownFileType = sourcecode.swift; path = AppDelegate.swift; sourceTree = "<group>"; };
		111DB0362421C2B10072F108 /* SceneDelegate.swift */ = {isa = PBXFileReference; lastKnownFileType = sourcecode.swift; path = SceneDelegate.swift; sourceTree = "<group>"; };
		111DB0382421C2B10072F108 /* ViewController.swift */ = {isa = PBXFileReference; lastKnownFileType = sourcecode.swift; path = ViewController.swift; sourceTree = "<group>"; };
		111DB03B2421C2B10072F108 /* Base */ = {isa = PBXFileReference; lastKnownFileType = file.storyboard; name = Base; path = Base.lproj/Main.storyboard; sourceTree = "<group>"; };
		111DB03D2421C2B10072F108 /* Assets.xcassets */ = {isa = PBXFileReference; lastKnownFileType = folder.assetcatalog; path = Assets.xcassets; sourceTree = "<group>"; };
		111DB0402421C2B10072F108 /* Base */ = {isa = PBXFileReference; lastKnownFileType = file.storyboard; name = Base; path = Base.lproj/LaunchScreen.storyboard; sourceTree = "<group>"; };
		111DB0422421C2B10072F108 /* Info.plist */ = {isa = PBXFileReference; lastKnownFileType = text.plist.xml; path = Info.plist; sourceTree = "<group>"; };
		111DB0472421C2B10072F108 /* FacebookTests.xctest */ = {isa = PBXFileReference; explicitFileType = wrapper.cfbundle; includeInIndex = 0; path = FacebookTests.xctest; sourceTree = BUILT_PRODUCTS_DIR; };
		111DB04B2421C2B10072F108 /* FacebookTests.swift */ = {isa = PBXFileReference; lastKnownFileType = sourcecode.swift; path = FacebookTests.swift; sourceTree = "<group>"; };
		111DB04D2421C2B10072F108 /* Info.plist */ = {isa = PBXFileReference; lastKnownFileType = text.plist.xml; path = Info.plist; sourceTree = "<group>"; };
		111DB0522421C2B10072F108 /* FacebookUITests.xctest */ = {isa = PBXFileReference; explicitFileType = wrapper.cfbundle; includeInIndex = 0; path = FacebookUITests.xctest; sourceTree = BUILT_PRODUCTS_DIR; };
		111DB0562421C2B10072F108 /* FacebookUITests.swift */ = {isa = PBXFileReference; lastKnownFileType = sourcecode.swift; path = FacebookUITests.swift; sourceTree = "<group>"; };
		111DB0582421C2B10072F108 /* Info.plist */ = {isa = PBXFileReference; lastKnownFileType = text.plist.xml; path = Info.plist; sourceTree = "<group>"; };
/* End PBXFileReference section */

/* Begin PBXFrameworksBuildPhase section */
		111DB02E2421C2B10072F108 /* Frameworks */ = {
			isa = PBXFrameworksBuildPhase;
			buildActionMask = 2147483647;
			files = (
			);
			runOnlyForDeploymentPostprocessing = 0;
		};
		111DB0442421C2B10072F108 /* Frameworks */ = {
			isa = PBXFrameworksBuildPhase;
			buildActionMask = 2147483647;
			files = (
			);
			runOnlyForDeploymentPostprocessing = 0;
		};
		111DB04F2421C2B10072F108 /* Frameworks */ = {
			isa = PBXFrameworksBuildPhase;
			buildActionMask = 2147483647;
			files = (
			);
			runOnlyForDeploymentPostprocessing = 0;
		};
/* End PBXFrameworksBuildPhase section */

/* Begin PBXGroup section */
		111DB0282421C2B10072F108 = {
			isa = PBXGroup;
			children = (
				111DB0332421C2B10072F108 /* Facebook */,
				111DB04A2421C2B10072F108 /* FacebookTests */,
				111DB0552421C2B10072F108 /* FacebookUITests */,
				111DB0322421C2B10072F108 /* Products */,
			);
			sourceTree = "<group>";
		};
		111DB0322421C2B10072F108 /* Products */ = {
			isa = PBXGroup;
			children = (
				111DB0312421C2B10072F108 /* Facebook.app */,
				111DB0472421C2B10072F108 /* FacebookTests.xctest */,
				111DB0522421C2B10072F108 /* FacebookUITests.xctest */,
			);
			name = Products;
			sourceTree = "<group>";
		};
		111DB0332421C2B10072F108 /* Facebook */ = {
			isa = PBXGroup;
			children = (
				111DB0342421C2B10072F108 /* AppDelegate.swift */,
				111DB0362421C2B10072F108 /* SceneDelegate.swift */,
				111DB0382421C2B10072F108 /* ViewController.swift */,
				111DB03A2421C2B10072F108 /* Main.storyboard */,
				111DB03D2421C2B10072F108 /* Assets.xcassets */,
				111DB03F2421C2B10072F108 /* LaunchScreen.storyboard */,
				111DB0422421C2B10072F108 /* Info.plist */,
			);
			path = Facebook;
			sourceTree = "<group>";
		};
		111DB04A2421C2B10072F108 /* FacebookTests */ = {
			isa = PBXGroup;
			children = (
				111DB04B2421C2B10072F108 /* FacebookTests.swift */,
				111DB04D2421C2B10072F108 /* Info.plist */,
			);
			path = FacebookTests;
			sourceTree = "<group>";
		};
		111DB0552421C2B10072F108 /* FacebookUITests */ = {
			isa = PBXGroup;
			children = (
				111DB0562421C2B10072F108 /* FacebookUITests.swift */,
				111DB0582421C2B10072F108 /* Info.plist */,
			);
			path = FacebookUITests;
			sourceTree = "<group>";
		};
/* End PBXGroup section */

/* Begin PBXNativeTarget section */
		111DB0302421C2B10072F108 /* Facebook */ = {
			isa = PBXNativeTarget;
			buildConfigurationList = 111DB05B2421C2B10072F108 /* Build configuration list for PBXNativeTarget "Facebook" */;
			buildPhases = (
				111DB02D2421C2B10072F108 /* Sources */,
				111DB02E2421C2B10072F108 /* Frameworks */,
				111DB02F2421C2B10072F108 /* Resources */,
			);
			buildRules = (
			);
			dependencies = (
			);
			name = Facebook;
			productName = Facebook;
			productReference = 111DB0312421C2B10072F108 /* Facebook.app */;
			productType = "com.apple.product-type.application";
		};
		111DB0462421C2B10072F108 /* FacebookTests */ = {
			isa = PBXNativeTarget;
			buildConfigurationList = 111DB05E2421C2B10072F108 /* Build configuration list for PBXNativeTarget "FacebookTests" */;
			buildPhases = (
				111DB0432421C2B10072F108 /* Sources */,
				111DB0442421C2B10072F108 /* Frameworks */,
				111DB0452421C2B10072F108 /* Resources */,
			);
			buildRules = (
			);
			dependencies = (
				111DB0492421C2B10072F108 /* PBXTargetDependency */,
			);
			name = FacebookTests;
			productName = FacebookTests;
			productReference = 111DB0472421C2B10072F108 /* FacebookTests.xctest */;
			productType = "com.apple.product-type.bundle.unit-test";
		};
		111DB0512421C2B10072F108 /* FacebookUITests */ = {
			isa = PBXNativeTarget;
			buildConfigurationList = 111DB0612421C2B10072F108 /* Build configuration list for PBXNativeTarget "FacebookUITests" */;
			buildPhases = (
				111DB04E2421C2B10072F108 /* Sources */,
				111DB04F2421C2B10072F108 /* Frameworks */,
				111DB0502421C2B10072F108 /* Resources */,
			);
			buildRules = (
			);
			dependencies = (
				111DB0542421C2B10072F108 /* PBXTargetDependency */,
			);
			name = FacebookUITests;
			productName = FacebookUITests;
			productReference = 111DB0522421C2B10072F108 /* FacebookUITests.xctest */;
			productType = "com.apple.product-type.bundle.ui-testing";
		};
/* End PBXNativeTarget section */

/* Begin PBXProject section */
		111DB0292421C2B10072F108 /* Project object */ = {
			isa = PBXProject;
			attributes = {
				LastSwiftUpdateCheck = 1130;
				LastUpgradeCheck = 1130;
				ORGANIZATIONNAME = mycostech;
				TargetAttributes = {
					111DB0302421C2B10072F108 = {
						CreatedOnToolsVersion = 11.3.1;
					};
					111DB0462421C2B10072F108 = {
						CreatedOnToolsVersion = 11.3.1;
						TestTargetID = 111DB0302421C2B10072F108;
					};
					111DB0512421C2B10072F108 = {
						CreatedOnToolsVersion = 11.3.1;
						TestTargetID = 111DB0302421C2B10072F108;
					};
				};
			};
			buildConfigurationList = 111DB02C2421C2B10072F108 /* Build configuration list for PBXProject "Facebook" */;
			compatibilityVersion = "Xcode 9.3";
			developmentRegion = en;
			hasScannedForEncodings = 0;
			knownRegions = (
				en,
				Base,
			);
			mainGroup = 111DB0282421C2B10072F108;
			productRefGroup = 111DB0322421C2B10072F108 /* Products */;
			projectDirPath = "";
			projectRoot = "";
			targets = (
				111DB0302421C2B10072F108 /* Facebook */,
				111DB0462421C2B10072F108 /* FacebookTests */,
				111DB0512421C2B10072F108 /* FacebookUITests */,
			);
		};
/* End PBXProject section */

/* Begin PBXResourcesBuildPhase section */
		111DB02F2421C2B10072F108 /* Resources */ = {
			isa = PBXResourcesBuildPhase;
			buildActionMask = 2147483647;
			files = (
				111DB0412421C2B10072F108 /* LaunchScreen.storyboard in Resources */,
				111DB03E2421C2B10072F108 /* Assets.xcassets in Resources */,
				111DB03C2421C2B10072F108 /* Main.storyboard in Resources */,
			);
			runOnlyForDeploymentPostprocessing = 0;
		};
		111DB0452421C2B10072F108 /* Resources */ = {
			isa = PBXResourcesBuildPhase;
			buildActionMask = 2147483647;
			files = (
			);
			runOnlyForDeploymentPostprocessing = 0;
		};
		111DB0502421C2B10072F108 /* Resources */ = {
			isa = PBXResourcesBuildPhase;
			buildActionMask = 2147483647;
			files = (
			);
			runOnlyForDeploymentPostprocessing = 0;
		};
/* End PBXResourcesBuildPhase section */

/* Begin PBXSourcesBuildPhase section */
		111DB02D2421C2B10072F108 /* Sources */ = {
			isa = PBXSourcesBuildPhase;
			buildActionMask = 2147483647;
			files = (
				111DB0392421C2B10072F108 /* ViewController.swift in Sources */,
				111DB0352421C2B10072F108 /* AppDelegate.swift in Sources */,
				111DB0372421C2B10072F108 /* SceneDelegate.swift in Sources */,
			);
			runOnlyForDeploymentPostprocessing = 0;
		};
		111DB0432421C2B10072F108 /* Sources */ = {
			isa = PBXSourcesBuildPhase;
			buildActionMask = 2147483647;
			files = (
				111DB04C2421C2B10072F108 /* FacebookTests.swift in Sources */,
			);
			runOnlyForDeploymentPostprocessing = 0;
		};
		111DB04E2421C2B10072F108 /* Sources */ = {
			isa = PBXSourcesBuildPhase;
			buildActionMask = 2147483647;
			files = (
				111DB0572421C2B10072F108 /* FacebookUITests.swift in Sources */,
			);
			runOnlyForDeploymentPostprocessing = 0;
		};
/* End PBXSourcesBuildPhase section */

/* Begin PBXTargetDependency section */
		111DB0492421C2B10072F108 /* PBXTargetDependency */ = {
			isa = PBXTargetDependency;
			target = 111DB0302421C2B10072F108 /* Facebook */;
			targetProxy = 111DB0482421C2B10072F108 /* PBXContainerItemProxy */;
		};
		111DB0542421C2B10072F108 /* PBXTargetDependency */ = {
			isa = PBXTargetDependency;
			target = 111DB0302421C2B10072F108 /* Facebook */;
			targetProxy = 111DB0532421C2B10072F108 /* PBXContainerItemProxy */;
		};
/* End PBXTargetDependency section */

/* Begin PBXVariantGroup section */
		111DB03A2421C2B10072F108 /* Main.storyboard */ = {
			isa = PBXVariantGroup;
			children = (
				111DB03B2421C2B10072F108 /* Base */,
			);
			name = Main.storyboard;
			sourceTree = "<group>";
		};
		111DB03F2421C2B10072F108 /* LaunchScreen.storyboard */ = {
			isa = PBXVariantGroup;
			children = (
				111DB0402421C2B10072F108 /* Base */,
			);
			name = LaunchScreen.storyboard;
			sourceTree = "<group>";
		};
/* End PBXVariantGroup section */

/* Begin XCBuildConfiguration section */
		111DB0592421C2B10072F108 /* Debug */ = {
			isa = XCBuildConfiguration;
			buildSettings = {
				ALWAYS_SEARCH_USER_PATHS = NO;
				CLANG_ANALYZER_NONNULL = YES;
				CLANG_ANALYZER_NUMBER_OBJECT_CONVERSION = YES_AGGRESSIVE;
				CLANG_CXX_LANGUAGE_STANDARD = "gnu++14";
				CLANG_CXX_LIBRARY = "libc++";
				CLANG_ENABLE_MODULES = YES;
				CLANG_ENABLE_OBJC_ARC = YES;
				CLANG_ENABLE_OBJC_WEAK = YES;
				CLANG_WARN_BLOCK_CAPTURE_AUTORELEASING = YES;
				CLANG_WARN_BOOL_CONVERSION = YES;
				CLANG_WARN_COMMA = YES;
				CLANG_WARN_CONSTANT_CONVERSION = YES;
				CLANG_WARN_DEPRECATED_OBJC_IMPLEMENTATIONS = YES;
				CLANG_WARN_DIRECT_OBJC_ISA_USAGE = YES_ERROR;
				CLANG_WARN_DOCUMENTATION_COMMENTS = YES;
				CLANG_WARN_EMPTY_BODY = YES;
				CLANG_WARN_ENUM_CONVERSION = YES;
				CLANG_WARN_INFINITE_RECURSION = YES;
				CLANG_WARN_INT_CONVERSION = YES;
				CLANG_WARN_NON_LITERAL_NULL_CONVERSION = YES;
				CLANG_WARN_OBJC_IMPLICIT_RETAIN_SELF = YES;
				CLANG_WARN_OBJC_LITERAL_CONVERSION = YES;
				CLANG_WARN_OBJC_ROOT_CLASS = YES_ERROR;
				CLANG_WARN_RANGE_LOOP_ANALYSIS = YES;
				CLANG_WARN_STRICT_PROTOTYPES = YES;
				CLANG_WARN_SUSPICIOUS_MOVE = YES;
				CLANG_WARN_UNGUARDED_AVAILABILITY = YES_AGGRESSIVE;
				CLANG_WARN_UNREACHABLE_CODE = YES;
				CLANG_WARN__DUPLICATE_METHOD_MATCH = YES;
				COPY_PHASE_STRIP = NO;
				DEBUG_INFORMATION_FORMAT = dwarf;
				ENABLE_STRICT_OBJC_MSGSEND = YES;
				ENABLE_TESTABILITY = YES;
				GCC_C_LANGUAGE_STANDARD = gnu11;
				GCC_DYNAMIC_NO_PIC = NO;
				GCC_NO_COMMON_BLOCKS = YES;
				GCC_OPTIMIZATION_LEVEL = 0;
				GCC_PREPROCESSOR_DEFINITIONS = (
					"DEBUG=1",
					"$(inherited)",
				);
				GCC_WARN_64_TO_32_BIT_CONVERSION = YES;
				GCC_WARN_ABOUT_RETURN_TYPE = YES_ERROR;
				GCC_WARN_UNDECLARED_SELECTOR = YES;
				GCC_WARN_UNINITIALIZED_AUTOS = YES_AGGRESSIVE;
				GCC_WARN_UNUSED_FUNCTION = YES;
				GCC_WARN_UNUSED_VARIABLE = YES;
				IPHONEOS_DEPLOYMENT_TARGET = 13.2;
				MTL_ENABLE_DEBUG_INFO = INCLUDE_SOURCE;
				MTL_FAST_MATH = YES;
				ONLY_ACTIVE_ARCH = YES;
				SDKROOT = iphoneos;
				SWIFT_ACTIVE_COMPILATION_CONDITIONS = DEBUG;
				SWIFT_OPTIMIZATION_LEVEL = "-Onone";
			};
			name = Debug;
		};
		111DB05A2421C2B10072F108 /* Release */ = {
			isa = XCBuildConfiguration;
			buildSettings = {
				ALWAYS_SEARCH_USER_PATHS = NO;
				CLANG_ANALYZER_NONNULL = YES;
				CLANG_ANALYZER_NUMBER_OBJECT_CONVERSION = YES_AGGRESSIVE;
				CLANG_CXX_LANGUAGE_STANDARD = "gnu++14";
				CLANG_CXX_LIBRARY = "libc++";
				CLANG_ENABLE_MODULES = YES;
				CLANG_ENABLE_OBJC_ARC = YES;
				CLANG_ENABLE_OBJC_WEAK = YES;
				CLANG_WARN_BLOCK_CAPTURE_AUTORELEASING = YES;
				CLANG_WARN_BOOL_CONVERSION = YES;
				CLANG_WARN_COMMA = YES;
				CLANG_WARN_CONSTANT_CONVERSION = YES;
				CLANG_WARN_DEPRECATED_OBJC_IMPLEMENTATIONS = YES;
				CLANG_WARN_DIRECT_OBJC_ISA_USAGE = YES_ERROR;
				CLANG_WARN_DOCUMENTATION_COMMENTS = YES;
				CLANG_WARN_EMPTY_BODY = YES;
				CLANG_WARN_ENUM_CONVERSION = YES;
				CLANG_WARN_INFINITE_RECURSION = YES;
				CLANG_WARN_INT_CONVERSION = YES;
				CLANG_WARN_NON_LITERAL_NULL_CONVERSION = YES;
				CLANG_WARN_OBJC_IMPLICIT_RETAIN_SELF = YES;
				CLANG_WARN_OBJC_LITERAL_CONVERSION = YES;
				CLANG_WARN_OBJC_ROOT_CLASS = YES_ERROR;
				CLANG_WARN_RANGE_LOOP_ANALYSIS = YES;
				CLANG_WARN_STRICT_PROTOTYPES = YES;
				CLANG_WARN_SUSPICIOUS_MOVE = YES;
				CLANG_WARN_UNGUARDED_AVAILABILITY = YES_AGGRESSIVE;
				CLANG_WARN_UNREACHABLE_CODE = YES;
				CLANG_WARN__DUPLICATE_METHOD_MATCH = YES;
				COPY_PHASE_STRIP = NO;
				DEBUG_INFORMATION_FORMAT = "dwarf-with-dsym";
				ENABLE_NS_ASSERTIONS = NO;
				ENABLE_STRICT_OBJC_MSGSEND = YES;
				GCC_C_LANGUAGE_STANDARD = gnu11;
				GCC_NO_COMMON_BLOCKS = YES;
				GCC_WARN_64_TO_32_BIT_CONVERSION = YES;
				GCC_WARN_ABOUT_RETURN_TYPE = YES_ERROR;
				GCC_WARN_UNDECLARED_SELECTOR = YES;
				GCC_WARN_UNINITIALIZED_AUTOS = YES_AGGRESSIVE;
				GCC_WARN_UNUSED_FUNCTION = YES;
				GCC_WARN_UNUSED_VARIABLE = YES;
				IPHONEOS_DEPLOYMENT_TARGET = 13.2;
				MTL_ENABLE_DEBUG_INFO = NO;
				MTL_FAST_MATH = YES;
				SDKROOT = iphoneos;
				SWIFT_COMPILATION_MODE = wholemodule;
				SWIFT_OPTIMIZATION_LEVEL = "-O";
				VALIDATE_PRODUCT = YES;
			};
			name = Release;
		};
		111DB05C2421C2B10072F108 /* Debug */ = {
			isa = XCBuildConfiguration;
			buildSettings = {
				ASSETCATALOG_COMPILER_APPICON_NAME = AppIcon;
				CODE_SIGN_STYLE = Automatic;
				INFOPLIST_FILE = Facebook/Info.plist;
				LD_RUNPATH_SEARCH_PATHS = (
					"$(inherited)",
					"@executable_path/Frameworks",
				);
				PRODUCT_BUNDLE_IDENTIFIER = com.test.Facebook;
				PRODUCT_NAME = "$(TARGET_NAME)";
				SWIFT_VERSION = 5.0;
				TARGETED_DEVICE_FAMILY = "1,2";
			};
			name = Debug;
		};
		111DB05D2421C2B10072F108 /* Release */ = {
			isa = XCBuildConfiguration;
			buildSettings = {
				ASSETCATALOG_COMPILER_APPICON_NAME = AppIcon;
				CODE_SIGN_STYLE = Automatic;
				INFOPLIST_FILE = Facebook/Info.plist;
				LD_RUNPATH_SEARCH_PATHS = (
					"$(inherited)",
					"@executable_path/Frameworks",
				);
				PRODUCT_BUNDLE_IDENTIFIER = com.test.Facebook;
				PRODUCT_NAME = "$(TARGET_NAME)";
				SWIFT_VERSION = 5.0;
				TARGETED_DEVICE_FAMILY = "1,2";
			};
			name = Release;
		};
		111DB05F2421C2B10072F108 /* Debug */ = {
			isa = XCBuildConfiguration;
			buildSettings = {
				ALWAYS_EMBED_SWIFT_STANDARD_LIBRARIES = YES;
				BUNDLE_LOADER = "$(TEST_HOST)";
				CODE_SIGN_STYLE = Automatic;
				INFOPLIST_FILE = FacebookTests/Info.plist;
				IPHONEOS_DEPLOYMENT_TARGET = 13.2;
				LD_RUNPATH_SEARCH_PATHS = (
					"$(inherited)",
					"@executable_path/Frameworks",
					"@loader_path/Frameworks",
				);
				PRODUCT_BUNDLE_IDENTIFIER = com.test.FacebookTests;
				PRODUCT_NAME = "$(TARGET_NAME)";
				SWIFT_VERSION = 5.0;
				TARGETED_DEVICE_FAMILY = "1,2";
				TEST_HOST = "$(BUILT_PRODUCTS_DIR)/Facebook.app/Facebook";
			};
			name = Debug;
		};
		111DB0602421C2B10072F108 /* Release */ = {
			isa = XCBuildConfiguration;
			buildSettings = {
				ALWAYS_EMBED_SWIFT_STANDARD_LIBRARIES = YES;
				BUNDLE_LOADER = "$(TEST_HOST)";
				CODE_SIGN_STYLE = Automatic;
				INFOPLIST_FILE = FacebookTests/Info.plist;
				IPHONEOS_DEPLOYMENT_TARGET = 13.2;
				LD_RUNPATH_SEARCH_PATHS = (
					"$(inherited)",
					"@executable_path/Frameworks",
					"@loader_path/Frameworks",
				);
				PRODUCT_BUNDLE_IDENTIFIER = com.test.FacebookTests;
				PRODUCT_NAME = "$(TARGET_NAME)";
				SWIFT_VERSION = 5.0;
				TARGETED_DEVICE_FAMILY = "1,2";
				TEST_HOST = "$(BUILT_PRODUCTS_DIR)/Facebook.app/Facebook";
			};
			name = Release;
		};
		111DB0622421C2B10072F108 /* Debug */ = {
			isa = XCBuildConfiguration;
			buildSettings = {
				ALWAYS_EMBED_SWIFT_STANDARD_LIBRARIES = YES;
				CODE_SIGN_STYLE = Automatic;
				INFOPLIST_FILE = FacebookUITests/Info.plist;
				LD_RUNPATH_SEARCH_PATHS = (
					"$(inherited)",
					"@executable_path/Frameworks",
					"@loader_path/Frameworks",
				);
				PRODUCT_BUNDLE_IDENTIFIER = com.test.FacebookUITests;
				PRODUCT_NAME = "$(TARGET_NAME)";
				SWIFT_VERSION = 5.0;
				TARGETED_DEVICE_FAMILY = "1,2";
				TEST_TARGET_NAME = Facebook;
			};
			name = Debug;
		};
		111DB0632421C2B10072F108 /* Release */ = {
			isa = XCBuildConfiguration;
			buildSettings = {
				ALWAYS_EMBED_SWIFT_STANDARD_LIBRARIES = YES;
				CODE_SIGN_STYLE = Automatic;
				INFOPLIST_FILE = FacebookUITests/Info.plist;
				LD_RUNPATH_SEARCH_PATHS = (
					"$(inherited)",
					"@executable_path/Frameworks",
					"@loader_path/Frameworks",
				);
				PRODUCT_BUNDLE_IDENTIFIER = com.test.FacebookUITests;
				PRODUCT_NAME = "$(TARGET_NAME)";
				SWIFT_VERSION = 5.0;
				TARGETED_DEVICE_FAMILY = "1,2";
				TEST_TARGET_NAME = Facebook;
			};
			name = Release;
		};
/* End XCBuildConfiguration section */

/* Begin XCConfigurationList section */
		111DB02C2421C2B10072F108 /* Build configuration list for PBXProject "Facebook" */ = {
			isa = XCConfigurationList;
			buildConfigurations = (
				111DB0592421C2B10072F108 /* Debug */,
				111DB05A2421C2B10072F108 /* Release */,
			);
			defaultConfigurationIsVisible = 0;
			defaultConfigurationName = Release;
		};
		111DB05B2421C2B10072F108 /* Build configuration list for PBXNativeTarget "Facebook" */ = {
			isa = XCConfigurationList;
			buildConfigurations = (
				111DB05C2421C2B10072F108 /* Debug */,
				111DB05D2421C2B10072F108 /* Release */,
			);
			defaultConfigurationIsVisible = 0;
			defaultConfigurationName = Release;
		};
		111DB05E2421C2B10072F108 /* Build configuration list for PBXNativeTarget "FacebookTests" */ = {
			isa = XCConfigurationList;
			buildConfigurations = (
				111DB05F2421C2B10072F108 /* Debug */,
				111DB0602421C2B10072F108 /* Release */,
			);
			defaultConfigurationIsVisible = 0;
			defaultConfigurationName = Release;
		};
		111DB0612421C2B10072F108 /* Build configuration list for PBXNativeTarget "FacebookUITests" */ = {
			isa = XCConfigurationList;
			buildConfigurations = (
				111DB0622421C2B10072F108 /* Debug */,
				111DB0632421C2B10072F108 /* Release */,
			);
			defaultConfigurationIsVisible = 0;
			defaultConfigurationName = Release;
		};
/* End XCConfigurationList section */
	};
	rootObject = 111DB0292421C2B10072F108 /* Project object */;
}
