// !$*UTF8*$!
{
	archiveVersion = 1;
	classes = {
	};
	objectVersion = 51;
	objects = {

/* Begin PBXBuildFile section */
		111DB0352421C2B10072F108 /* AppDelegate.swift in Sources */ = {isa = PBXBuildFile; fileRef = 111DB0342421C2B10072F108 /* AppDelegate.swift */; };
		111DB0372421C2B10072F108 /* SceneDelegate.swift in Sources */ = {isa = PBXBuildFile; fileRef = 111DB0362421C2B10072F108 /* SceneDelegate.swift */; };
		111DB0392421C2B10072F108 /* ViewController.swift in Sources */ = {isa = PBXBuildFile; fileRef = 111DB0382421C2B10072F108 /* ViewController.swift */; };
		111DB03C2421C2B10072F108 /* Main.storyboard in Resources */ = {isa = PBXBuildFile; fileRef = 111DB03A2421C2B10072F108 /* Main.storyboard */; };
		111DB03E2421C2B10072F108 /* Assets.xcassets in Resources */ = {isa = PBXBuildFile; fileRef = 111DB03D2421C2B10072F108 /* Assets.xcassets */; };
		111DB0412421C2B10072F108 /* LaunchScreen.storyboard in Resources */ = {isa = PBXBuildFile; fileRef = 111DB03F2421C2B10072F108 /* LaunchScreen.storyboard */; };
		111DB04C2421C2B10072F108 /* FacebookTests.swift in Sources */ = {isa = PBXBuildFile; fileRef = 111DB04B2421C2B10072F108 /* FacebookTests.swift */; };
		111DB0572421C2B10072F108 /* FacebookUITests.swift in Sources */ = {isa = PBXBuildFile; fileRef = 111DB0562421C2B10072F108 /* FacebookUITests.swift */; };
		26A0A828EDDA9AD9A1060AE8 /* Pods_Facebook.framework in Frameworks */ = {isa = PBXBuildFile; fileRef = A3581B906FEA6FFD73BA5535 /* Pods_Facebook.framework */; };
		654748A0BB2EAA5B30E47B88 /* Pods_FacebookTests.framework in Frameworks */ = {isa = PBXBuildFile; fileRef = 5130C33116AB4BC9E9C689A4 /* Pods_FacebookTests.framework */; };
		AFE04C43EFFD7EC0666B008F /* Pods_Facebook_FacebookUITests.framework in Frameworks */ = {isa = PBXBuildFile; fileRef = BD5207289E6FC388B3F789A7 /* Pods_Facebook_FacebookUITests.framework */; };
		E0656101243CDFED00E1A2BD /* Friends.swift in Sources */ = {isa = PBXBuildFile; fileRef = E0656100243CDFED00E1A2BD /* Friends.swift */; };
		E065E5372438F48D0048BC64 /* ProfileCell1TableViewCell.swift in Sources */ = {isa = PBXBuildFile; fileRef = E065E5362438F48D0048BC64 /* ProfileCell1TableViewCell.swift */; };
		E065E5392438F51B0048BC64 /* ProfileCell2TableViewCell.swift in Sources */ = {isa = PBXBuildFile; fileRef = E065E5382438F51B0048BC64 /* ProfileCell2TableViewCell.swift */; };
		E065E53B2438F6F70048BC64 /* ProfileCell3TableViewCell.swift in Sources */ = {isa = PBXBuildFile; fileRef = E065E53A2438F6F70048BC64 /* ProfileCell3TableViewCell.swift */; };
		E065E53D2438F7070048BC64 /* ProfileCell4TableViewCell.swift in Sources */ = {isa = PBXBuildFile; fileRef = E065E53C2438F7070048BC64 /* ProfileCell4TableViewCell.swift */; };
		E065E53F2438F7C40048BC64 /* ProfileCell5TableViewCell.swift in Sources */ = {isa = PBXBuildFile; fileRef = E065E53E2438F7C40048BC64 /* ProfileCell5TableViewCell.swift */; };
		E07BFD77243DD888008D150D /* Comment.swift in Sources */ = {isa = PBXBuildFile; fileRef = E07BFD76243DD888008D150D /* Comment.swift */; };
		E08B1F322438786B00CB5427 /* FeedViewController.swift in Sources */ = {isa = PBXBuildFile; fileRef = E08B1F312438786B00CB5427 /* FeedViewController.swift */; };
		E08D5F09243EA3AF00212F51 /* LoginViewController.swift in Sources */ = {isa = PBXBuildFile; fileRef = E08D5F08243EA3AF00212F51 /* LoginViewController.swift */; };
		E0B94F7C2447EFC2001B7E2C /* Feed.swift in Sources */ = {isa = PBXBuildFile; fileRef = E0B94F7B2447EFC2001B7E2C /* Feed.swift */; };
		E0B94F7E24483A9F001B7E2C /* Titles.swift in Sources */ = {isa = PBXBuildFile; fileRef = E0B94F7D24483A9F001B7E2C /* Titles.swift */; };
		E0B94F80244847AA001B7E2C /* MoreViewController.swift in Sources */ = {isa = PBXBuildFile; fileRef = E0B94F7F244847AA001B7E2C /* MoreViewController.swift */; };
		E0B94F8324486387001B7E2C /* FriensCollectionViewCell.swift in Sources */ = {isa = PBXBuildFile; fileRef = E0B94F8224486387001B7E2C /* FriensCollectionViewCell.swift */; };
		E0DF18172438249800BF0093 /* User.swift in Sources */ = {isa = PBXBuildFile; fileRef = E0DF18162438249800BF0093 /* User.swift */; };
		E0DF18192438530300BF0093 /* Name.swift in Sources */ = {isa = PBXBuildFile; fileRef = E0DF18182438530300BF0093 /* Name.swift */; };
		E0DF181B243853CB00BF0093 /* Location.swift in Sources */ = {isa = PBXBuildFile; fileRef = E0DF181A243853CB00BF0093 /* Location.swift */; };
		E0DF181D243854A000BF0093 /* Street.swift in Sources */ = {isa = PBXBuildFile; fileRef = E0DF181C243854A000BF0093 /* Street.swift */; };
		E0DF18202438557E00BF0093 /* Coordinates.swift in Sources */ = {isa = PBXBuildFile; fileRef = E0DF181F2438557E00BF0093 /* Coordinates.swift */; };
		E0DF18222438561900BF0093 /* Timezone.swift in Sources */ = {isa = PBXBuildFile; fileRef = E0DF18212438561900BF0093 /* Timezone.swift */; };
		E0DF1824243857CA00BF0093 /* Login.swift in Sources */ = {isa = PBXBuildFile; fileRef = E0DF1823243857CA00BF0093 /* Login.swift */; };
		E0DF1826243858AB00BF0093 /* Dob.swift in Sources */ = {isa = PBXBuildFile; fileRef = E0DF1825243858AB00BF0093 /* Dob.swift */; };
		E0DF18282438593200BF0093 /* Registered.swift in Sources */ = {isa = PBXBuildFile; fileRef = E0DF18272438593200BF0093 /* Registered.swift */; };
		E0DF182A2438599700BF0093 /* Id.swift in Sources */ = {isa = PBXBuildFile; fileRef = E0DF18292438599700BF0093 /* Id.swift */; };
		E0DF182C24385BE000BF0093 /* Picture.swift in Sources */ = {isa = PBXBuildFile; fileRef = E0DF182B24385BE000BF0093 /* Picture.swift */; };
		E0DF182E24385D9700BF0093 /* ProfileViewController.swift in Sources */ = {isa = PBXBuildFile; fileRef = E0DF182D24385D9700BF0093 /* ProfileViewController.swift */; };
		E0E5D1A52439E1E500CD048F /* UserAccountData.swift in Sources */ = {isa = PBXBuildFile; fileRef = E0E5D1A42439E1E500CD048F /* UserAccountData.swift */; };
		E0E5D1A92439FB3C00CD048F /* Results.swift in Sources */ = {isa = PBXBuildFile; fileRef = E0E5D1A82439FB3C00CD048F /* Results.swift */; };
		E0E5D1AB243A0E5900CD048F /* FriendsAccountData.swift in Sources */ = {isa = PBXBuildFile; fileRef = E0E5D1AA243A0E5900CD048F /* FriendsAccountData.swift */; };
		E0F520F7244D9A84009CB239 /* CommentViewController.swift in Sources */ = {isa = PBXBuildFile; fileRef = E0F520F6244D9A84009CB239 /* CommentViewController.swift */; };
		E0F775DA2438E83E002D7862 /* FeedCell1TableViewCell.swift in Sources */ = {isa = PBXBuildFile; fileRef = E0F775D92438E83E002D7862 /* FeedCell1TableViewCell.swift */; };
		E0F775DC2438E8DE002D7862 /* FeedCell2TableViewCell.swift in Sources */ = {isa = PBXBuildFile; fileRef = E0F775DB2438E8DE002D7862 /* FeedCell2TableViewCell.swift */; };
/* End PBXBuildFile section */

/* Begin PBXContainerItemProxy section */
		111DB0482421C2B10072F108 /* PBXContainerItemProxy */ = {
			isa = PBXContainerItemProxy;
			containerPortal = 111DB0292421C2B10072F108 /* Project object */;
			proxyType = 1;
			remoteGlobalIDString = 111DB0302421C2B10072F108;
			remoteInfo = Facebook;
		};
		111DB0532421C2B10072F108 /* PBXContainerItemProxy */ = {
			isa = PBXContainerItemProxy;
			containerPortal = 111DB0292421C2B10072F108 /* Project object */;
			proxyType = 1;
			remoteGlobalIDString = 111DB0302421C2B10072F108;
			remoteInfo = Facebook;
		};
/* End PBXContainerItemProxy section */

/* Begin PBXFileReference section */
		111DB0312421C2B10072F108 /* clone_Facebook.app */ = {isa = PBXFileReference; explicitFileType = wrapper.application; includeInIndex = 0; path = clone_Facebook.app; sourceTree = BUILT_PRODUCTS_DIR; };
		111DB0342421C2B10072F108 /* AppDelegate.swift */ = {isa = PBXFileReference; lastKnownFileType = sourcecode.swift; path = AppDelegate.swift; sourceTree = "<group>"; };
		111DB0362421C2B10072F108 /* SceneDelegate.swift */ = {isa = PBXFileReference; lastKnownFileType = sourcecode.swift; path = SceneDelegate.swift; sourceTree = "<group>"; };
		111DB0382421C2B10072F108 /* ViewController.swift */ = {isa = PBXFileReference; lastKnownFileType = sourcecode.swift; path = ViewController.swift; sourceTree = "<group>"; };
		111DB03B2421C2B10072F108 /* Base */ = {isa = PBXFileReference; lastKnownFileType = file.storyboard; name = Base; path = Base.lproj/Main.storyboard; sourceTree = "<group>"; };
		111DB03D2421C2B10072F108 /* Assets.xcassets */ = {isa = PBXFileReference; lastKnownFileType = folder.assetcatalog; path = Assets.xcassets; sourceTree = "<group>"; };
		111DB0402421C2B10072F108 /* Base */ = {isa = PBXFileReference; lastKnownFileType = file.storyboard; name = Base; path = Base.lproj/LaunchScreen.storyboard; sourceTree = "<group>"; };
		111DB0422421C2B10072F108 /* Info.plist */ = {isa = PBXFileReference; lastKnownFileType = text.plist.xml; path = Info.plist; sourceTree = "<group>"; };
		111DB0472421C2B10072F108 /* FacebookTests.xctest */ = {isa = PBXFileReference; explicitFileType = wrapper.cfbundle; includeInIndex = 0; path = FacebookTests.xctest; sourceTree = BUILT_PRODUCTS_DIR; };
		111DB04B2421C2B10072F108 /* FacebookTests.swift */ = {isa = PBXFileReference; lastKnownFileType = sourcecode.swift; path = FacebookTests.swift; sourceTree = "<group>"; };
		111DB04D2421C2B10072F108 /* Info.plist */ = {isa = PBXFileReference; lastKnownFileType = text.plist.xml; path = Info.plist; sourceTree = "<group>"; };
		111DB0522421C2B10072F108 /* FacebookUITests.xctest */ = {isa = PBXFileReference; explicitFileType = wrapper.cfbundle; includeInIndex = 0; path = FacebookUITests.xctest; sourceTree = BUILT_PRODUCTS_DIR; };
		111DB0562421C2B10072F108 /* FacebookUITests.swift */ = {isa = PBXFileReference; lastKnownFileType = sourcecode.swift; path = FacebookUITests.swift; sourceTree = "<group>"; };
		111DB0582421C2B10072F108 /* Info.plist */ = {isa = PBXFileReference; lastKnownFileType = text.plist.xml; path = Info.plist; sourceTree = "<group>"; };
		28E8587C05B79920BCD0B486 /* Pods-Facebook-FacebookUITests.release.xcconfig */ = {isa = PBXFileReference; includeInIndex = 1; lastKnownFileType = text.xcconfig; name = "Pods-Facebook-FacebookUITests.release.xcconfig"; path = "Target Support Files/Pods-Facebook-FacebookUITests/Pods-Facebook-FacebookUITests.release.xcconfig"; sourceTree = "<group>"; };
		5130C33116AB4BC9E9C689A4 /* Pods_FacebookTests.framework */ = {isa = PBXFileReference; explicitFileType = wrapper.framework; includeInIndex = 0; path = Pods_FacebookTests.framework; sourceTree = BUILT_PRODUCTS_DIR; };
		52AF4DB4909F435D1522F28E /* Pods-Facebook-FacebookUITests.debug.xcconfig */ = {isa = PBXFileReference; includeInIndex = 1; lastKnownFileType = text.xcconfig; name = "Pods-Facebook-FacebookUITests.debug.xcconfig"; path = "Target Support Files/Pods-Facebook-FacebookUITests/Pods-Facebook-FacebookUITests.debug.xcconfig"; sourceTree = "<group>"; };
		927F1843FBC6660327D287C7 /* Pods-Facebook.debug.xcconfig */ = {isa = PBXFileReference; includeInIndex = 1; lastKnownFileType = text.xcconfig; name = "Pods-Facebook.debug.xcconfig"; path = "Target Support Files/Pods-Facebook/Pods-Facebook.debug.xcconfig"; sourceTree = "<group>"; };
		A3581B906FEA6FFD73BA5535 /* Pods_Facebook.framework */ = {isa = PBXFileReference; explicitFileType = wrapper.framework; includeInIndex = 0; path = Pods_Facebook.framework; sourceTree = BUILT_PRODUCTS_DIR; };
		AB7168152B3E128439AC60F2 /* Pods-Facebook.release.xcconfig */ = {isa = PBXFileReference; includeInIndex = 1; lastKnownFileType = text.xcconfig; name = "Pods-Facebook.release.xcconfig"; path = "Target Support Files/Pods-Facebook/Pods-Facebook.release.xcconfig"; sourceTree = "<group>"; };
		B06303DB96E237A215AB6D0A /* Pods-FacebookTests.release.xcconfig */ = {isa = PBXFileReference; includeInIndex = 1; lastKnownFileType = text.xcconfig; name = "Pods-FacebookTests.release.xcconfig"; path = "Target Support Files/Pods-FacebookTests/Pods-FacebookTests.release.xcconfig"; sourceTree = "<group>"; };
		BD5207289E6FC388B3F789A7 /* Pods_Facebook_FacebookUITests.framework */ = {isa = PBXFileReference; explicitFileType = wrapper.framework; includeInIndex = 0; path = Pods_Facebook_FacebookUITests.framework; sourceTree = BUILT_PRODUCTS_DIR; };
		E0656100243CDFED00E1A2BD /* Friends.swift */ = {isa = PBXFileReference; lastKnownFileType = sourcecode.swift; path = Friends.swift; sourceTree = "<group>"; };
		E065E5362438F48D0048BC64 /* ProfileCell1TableViewCell.swift */ = {isa = PBXFileReference; lastKnownFileType = sourcecode.swift; path = ProfileCell1TableViewCell.swift; sourceTree = "<group>"; };
		E065E5382438F51B0048BC64 /* ProfileCell2TableViewCell.swift */ = {isa = PBXFileReference; lastKnownFileType = sourcecode.swift; path = ProfileCell2TableViewCell.swift; sourceTree = "<group>"; };
		E065E53A2438F6F70048BC64 /* ProfileCell3TableViewCell.swift */ = {isa = PBXFileReference; lastKnownFileType = sourcecode.swift; path = ProfileCell3TableViewCell.swift; sourceTree = "<group>"; };
		E065E53C2438F7070048BC64 /* ProfileCell4TableViewCell.swift */ = {isa = PBXFileReference; lastKnownFileType = sourcecode.swift; path = ProfileCell4TableViewCell.swift; sourceTree = "<group>"; };
		E065E53E2438F7C40048BC64 /* ProfileCell5TableViewCell.swift */ = {isa = PBXFileReference; lastKnownFileType = sourcecode.swift; path = ProfileCell5TableViewCell.swift; sourceTree = "<group>"; };
		E07BFD76243DD888008D150D /* Comment.swift */ = {isa = PBXFileReference; lastKnownFileType = sourcecode.swift; path = Comment.swift; sourceTree = "<group>"; };
		E08B1F312438786B00CB5427 /* FeedViewController.swift */ = {isa = PBXFileReference; lastKnownFileType = sourcecode.swift; path = FeedViewController.swift; sourceTree = "<group>"; };
		E08D5F08243EA3AF00212F51 /* LoginViewController.swift */ = {isa = PBXFileReference; lastKnownFileType = sourcecode.swift; path = LoginViewController.swift; sourceTree = "<group>"; };
		E0B94F7B2447EFC2001B7E2C /* Feed.swift */ = {isa = PBXFileReference; lastKnownFileType = sourcecode.swift; path = Feed.swift; sourceTree = "<group>"; };
		E0B94F7D24483A9F001B7E2C /* Titles.swift */ = {isa = PBXFileReference; lastKnownFileType = sourcecode.swift; path = Titles.swift; sourceTree = "<group>"; };
		E0B94F7F244847AA001B7E2C /* MoreViewController.swift */ = {isa = PBXFileReference; lastKnownFileType = sourcecode.swift; path = MoreViewController.swift; sourceTree = "<group>"; };
		E0B94F8224486387001B7E2C /* FriensCollectionViewCell.swift */ = {isa = PBXFileReference; lastKnownFileType = sourcecode.swift; path = FriensCollectionViewCell.swift; sourceTree = "<group>"; };
		E0DF18162438249800BF0093 /* User.swift */ = {isa = PBXFileReference; lastKnownFileType = sourcecode.swift; path = User.swift; sourceTree = "<group>"; };
		E0DF18182438530300BF0093 /* Name.swift */ = {isa = PBXFileReference; lastKnownFileType = sourcecode.swift; path = Name.swift; sourceTree = "<group>"; };
		E0DF181A243853CB00BF0093 /* Location.swift */ = {isa = PBXFileReference; lastKnownFileType = sourcecode.swift; path = Location.swift; sourceTree = "<group>"; };
		E0DF181C243854A000BF0093 /* Street.swift */ = {isa = PBXFileReference; lastKnownFileType = sourcecode.swift; path = Street.swift; sourceTree = "<group>"; };
		E0DF181F2438557E00BF0093 /* Coordinates.swift */ = {isa = PBXFileReference; lastKnownFileType = sourcecode.swift; path = Coordinates.swift; sourceTree = "<group>"; };
		E0DF18212438561900BF0093 /* Timezone.swift */ = {isa = PBXFileReference; lastKnownFileType = sourcecode.swift; path = Timezone.swift; sourceTree = "<group>"; };
		E0DF1823243857CA00BF0093 /* Login.swift */ = {isa = PBXFileReference; lastKnownFileType = sourcecode.swift; path = Login.swift; sourceTree = "<group>"; };
		E0DF1825243858AB00BF0093 /* Dob.swift */ = {isa = PBXFileReference; lastKnownFileType = sourcecode.swift; path = Dob.swift; sourceTree = "<group>"; };
		E0DF18272438593200BF0093 /* Registered.swift */ = {isa = PBXFileReference; lastKnownFileType = sourcecode.swift; path = Registered.swift; sourceTree = "<group>"; };
		E0DF18292438599700BF0093 /* Id.swift */ = {isa = PBXFileReference; lastKnownFileType = sourcecode.swift; path = Id.swift; sourceTree = "<group>"; };
		E0DF182B24385BE000BF0093 /* Picture.swift */ = {isa = PBXFileReference; lastKnownFileType = sourcecode.swift; path = Picture.swift; sourceTree = "<group>"; };
		E0DF182D24385D9700BF0093 /* ProfileViewController.swift */ = {isa = PBXFileReference; lastKnownFileType = sourcecode.swift; path = ProfileViewController.swift; sourceTree = "<group>"; };
		E0E5D1A42439E1E500CD048F /* UserAccountData.swift */ = {isa = PBXFileReference; lastKnownFileType = sourcecode.swift; path = UserAccountData.swift; sourceTree = "<group>"; };
		E0E5D1A82439FB3C00CD048F /* Results.swift */ = {isa = PBXFileReference; lastKnownFileType = sourcecode.swift; path = Results.swift; sourceTree = "<group>"; };
		E0E5D1AA243A0E5900CD048F /* FriendsAccountData.swift */ = {isa = PBXFileReference; lastKnownFileType = sourcecode.swift; path = FriendsAccountData.swift; sourceTree = "<group>"; };
		E0F520F6244D9A84009CB239 /* CommentViewController.swift */ = {isa = PBXFileReference; lastKnownFileType = sourcecode.swift; path = CommentViewController.swift; sourceTree = "<group>"; };
		E0F775D92438E83E002D7862 /* FeedCell1TableViewCell.swift */ = {isa = PBXFileReference; lastKnownFileType = sourcecode.swift; path = FeedCell1TableViewCell.swift; sourceTree = "<group>"; };
		E0F775DB2438E8DE002D7862 /* FeedCell2TableViewCell.swift */ = {isa = PBXFileReference; lastKnownFileType = sourcecode.swift; path = FeedCell2TableViewCell.swift; sourceTree = "<group>"; };
		E7DD7F2B88DE516B07619D26 /* Pods-FacebookTests.debug.xcconfig */ = {isa = PBXFileReference; includeInIndex = 1; lastKnownFileType = text.xcconfig; name = "Pods-FacebookTests.debug.xcconfig"; path = "Target Support Files/Pods-FacebookTests/Pods-FacebookTests.debug.xcconfig"; sourceTree = "<group>"; };
/* End PBXFileReference section */

/* Begin PBXFrameworksBuildPhase section */
		111DB02E2421C2B10072F108 /* Frameworks */ = {
			isa = PBXFrameworksBuildPhase;
			buildActionMask = 2147483647;
			files = (
				26A0A828EDDA9AD9A1060AE8 /* Pods_Facebook.framework in Frameworks */,
			);
			runOnlyForDeploymentPostprocessing = 0;
		};
		111DB0442421C2B10072F108 /* Frameworks */ = {
			isa = PBXFrameworksBuildPhase;
			buildActionMask = 2147483647;
			files = (
				654748A0BB2EAA5B30E47B88 /* Pods_FacebookTests.framework in Frameworks */,
			);
			runOnlyForDeploymentPostprocessing = 0;
		};
		111DB04F2421C2B10072F108 /* Frameworks */ = {
			isa = PBXFrameworksBuildPhase;
			buildActionMask = 2147483647;
			files = (
				AFE04C43EFFD7EC0666B008F /* Pods_Facebook_FacebookUITests.framework in Frameworks */,
			);
			runOnlyForDeploymentPostprocessing = 0;
		};
/* End PBXFrameworksBuildPhase section */

/* Begin PBXGroup section */
		111DB0282421C2B10072F108 = {
			isa = PBXGroup;
			children = (
				111DB0332421C2B10072F108 /* Facebook */,
				111DB04A2421C2B10072F108 /* FacebookTests */,
				111DB0552421C2B10072F108 /* FacebookUITests */,
				111DB0322421C2B10072F108 /* Products */,
				AC3FFE72A7985193425AA12F /* Pods */,
				F70141EC24DBDF7BBC450543 /* Frameworks */,
			);
			sourceTree = "<group>";
		};
		111DB0322421C2B10072F108 /* Products */ = {
			isa = PBXGroup;
			children = (
				111DB0312421C2B10072F108 /* clone_Facebook.app */,
				111DB0472421C2B10072F108 /* FacebookTests.xctest */,
				111DB0522421C2B10072F108 /* FacebookUITests.xctest */,
			);
			name = Products;
			sourceTree = "<group>";
		};
		111DB0332421C2B10072F108 /* Facebook */ = {
			isa = PBXGroup;
			children = (
				E0B94F8124486348001B7E2C /* FriendsCells */,
				E0E5D1A32439E16B00CD048F /* Data */,
				E0F775D82438E240002D7862 /* ProfileCells */,
				E0F775D72438E221002D7862 /* FeedCells */,
				E0DF18152438246C00BF0093 /* Model */,
				111DB0342421C2B10072F108 /* AppDelegate.swift */,
				111DB0362421C2B10072F108 /* SceneDelegate.swift */,
				111DB0382421C2B10072F108 /* ViewController.swift */,
				E08D5F08243EA3AF00212F51 /* LoginViewController.swift */,
				E08B1F312438786B00CB5427 /* FeedViewController.swift */,
				E0DF182D24385D9700BF0093 /* ProfileViewController.swift */,
				E0B94F7F244847AA001B7E2C /* MoreViewController.swift */,
				E0F520F6244D9A84009CB239 /* CommentViewController.swift */,
				111DB03A2421C2B10072F108 /* Main.storyboard */,
				111DB03D2421C2B10072F108 /* Assets.xcassets */,
				111DB03F2421C2B10072F108 /* LaunchScreen.storyboard */,
				111DB0422421C2B10072F108 /* Info.plist */,
			);
			path = Facebook;
			sourceTree = "<group>";
		};
		111DB04A2421C2B10072F108 /* FacebookTests */ = {
			isa = PBXGroup;
			children = (
				111DB04B2421C2B10072F108 /* FacebookTests.swift */,
				111DB04D2421C2B10072F108 /* Info.plist */,
			);
			path = FacebookTests;
			sourceTree = "<group>";
		};
		111DB0552421C2B10072F108 /* FacebookUITests */ = {
			isa = PBXGroup;
			children = (
				111DB0562421C2B10072F108 /* FacebookUITests.swift */,
				111DB0582421C2B10072F108 /* Info.plist */,
			);
			path = FacebookUITests;
			sourceTree = "<group>";
		};
		AC3FFE72A7985193425AA12F /* Pods */ = {
			isa = PBXGroup;
			children = (
				927F1843FBC6660327D287C7 /* Pods-Facebook.debug.xcconfig */,
				AB7168152B3E128439AC60F2 /* Pods-Facebook.release.xcconfig */,
				52AF4DB4909F435D1522F28E /* Pods-Facebook-FacebookUITests.debug.xcconfig */,
				28E8587C05B79920BCD0B486 /* Pods-Facebook-FacebookUITests.release.xcconfig */,
				E7DD7F2B88DE516B07619D26 /* Pods-FacebookTests.debug.xcconfig */,
				B06303DB96E237A215AB6D0A /* Pods-FacebookTests.release.xcconfig */,
			);
			path = Pods;
			sourceTree = "<group>";
		};
		E0B94F8124486348001B7E2C /* FriendsCells */ = {
			isa = PBXGroup;
			children = (
				E0B94F8224486387001B7E2C /* FriensCollectionViewCell.swift */,
			);
			path = FriendsCells;
			sourceTree = "<group>";
		};
		E0DF18152438246C00BF0093 /* Model */ = {
			isa = PBXGroup;
			children = (
				E0DF181E2438555500BF0093 /* Location */,
				E0B94F7B2447EFC2001B7E2C /* Feed.swift */,
				E0E5D1A82439FB3C00CD048F /* Results.swift */,
				E0DF18162438249800BF0093 /* User.swift */,
				E0656100243CDFED00E1A2BD /* Friends.swift */,
				E07BFD76243DD888008D150D /* Comment.swift */,
				E0DF18182438530300BF0093 /* Name.swift */,
				E0DF181A243853CB00BF0093 /* Location.swift */,
				E0DF1823243857CA00BF0093 /* Login.swift */,
				E0DF1825243858AB00BF0093 /* Dob.swift */,
				E0DF182B24385BE000BF0093 /* Picture.swift */,
				E0DF18272438593200BF0093 /* Registered.swift */,
				E0DF18292438599700BF0093 /* Id.swift */,
				E0B94F7D24483A9F001B7E2C /* Titles.swift */,
			);
			path = Model;
			sourceTree = "<group>";
		};
		E0DF181E2438555500BF0093 /* Location */ = {
			isa = PBXGroup;
			children = (
				E0DF181C243854A000BF0093 /* Street.swift */,
				E0DF181F2438557E00BF0093 /* Coordinates.swift */,
				E0DF18212438561900BF0093 /* Timezone.swift */,
			);
			path = Location;
			sourceTree = "<group>";
		};
		E0E5D1A32439E16B00CD048F /* Data */ = {
			isa = PBXGroup;
			children = (
				E0E5D1A42439E1E500CD048F /* UserAccountData.swift */,
				E0E5D1AA243A0E5900CD048F /* FriendsAccountData.swift */,
			);
			path = Data;
			sourceTree = "<group>";
		};
		E0F775D72438E221002D7862 /* FeedCells */ = {
			isa = PBXGroup;
			children = (
				E0F775D92438E83E002D7862 /* FeedCell1TableViewCell.swift */,
				E0F775DB2438E8DE002D7862 /* FeedCell2TableViewCell.swift */,
			);
			path = FeedCells;
			sourceTree = "<group>";
		};
		E0F775D82438E240002D7862 /* ProfileCells */ = {
			isa = PBXGroup;
			children = (
				E065E5362438F48D0048BC64 /* ProfileCell1TableViewCell.swift */,
				E065E5382438F51B0048BC64 /* ProfileCell2TableViewCell.swift */,
				E065E53A2438F6F70048BC64 /* ProfileCell3TableViewCell.swift */,
				E065E53C2438F7070048BC64 /* ProfileCell4TableViewCell.swift */,
				E065E53E2438F7C40048BC64 /* ProfileCell5TableViewCell.swift */,
			);
			path = ProfileCells;
			sourceTree = "<group>";
		};
		F70141EC24DBDF7BBC450543 /* Frameworks */ = {
			isa = PBXGroup;
			children = (
				A3581B906FEA6FFD73BA5535 /* Pods_Facebook.framework */,
				BD5207289E6FC388B3F789A7 /* Pods_Facebook_FacebookUITests.framework */,
				5130C33116AB4BC9E9C689A4 /* Pods_FacebookTests.framework */,
			);
			name = Frameworks;
			sourceTree = "<group>";
		};
/* End PBXGroup section */

/* Begin PBXNativeTarget section */
		111DB0302421C2B10072F108 /* Facebook */ = {
			isa = PBXNativeTarget;
			buildConfigurationList = 111DB05B2421C2B10072F108 /* Build configuration list for PBXNativeTarget "Facebook" */;
			buildPhases = (
				D903F2AEC366243441D473C6 /* [CP] Check Pods Manifest.lock */,
				111DB02D2421C2B10072F108 /* Sources */,
				111DB02E2421C2B10072F108 /* Frameworks */,
				111DB02F2421C2B10072F108 /* Resources */,
				C412F3BC4FDE5D5720734F29 /* [CP] Embed Pods Frameworks */,
			);
			buildRules = (
			);
			dependencies = (
			);
			name = Facebook;
			productName = Facebook;
			productReference = 111DB0312421C2B10072F108 /* clone_Facebook.app */;
			productType = "com.apple.product-type.application";
		};
		111DB0462421C2B10072F108 /* FacebookTests */ = {
			isa = PBXNativeTarget;
			buildConfigurationList = 111DB05E2421C2B10072F108 /* Build configuration list for PBXNativeTarget "FacebookTests" */;
			buildPhases = (
				41F878C501F6C4920CFE9957 /* [CP] Check Pods Manifest.lock */,
				111DB0432421C2B10072F108 /* Sources */,
				111DB0442421C2B10072F108 /* Frameworks */,
				111DB0452421C2B10072F108 /* Resources */,
			);
			buildRules = (
			);
			dependencies = (
				111DB0492421C2B10072F108 /* PBXTargetDependency */,
			);
			name = FacebookTests;
			productName = FacebookTests;
			productReference = 111DB0472421C2B10072F108 /* FacebookTests.xctest */;
			productType = "com.apple.product-type.bundle.unit-test";
		};
		111DB0512421C2B10072F108 /* FacebookUITests */ = {
			isa = PBXNativeTarget;
			buildConfigurationList = 111DB0612421C2B10072F108 /* Build configuration list for PBXNativeTarget "FacebookUITests" */;
			buildPhases = (
				91DBD49A7D487D180FE20E59 /* [CP] Check Pods Manifest.lock */,
				111DB04E2421C2B10072F108 /* Sources */,
				111DB04F2421C2B10072F108 /* Frameworks */,
				111DB0502421C2B10072F108 /* Resources */,
				2D9F6C3871BEABA181F50A96 /* [CP] Embed Pods Frameworks */,
			);
			buildRules = (
			);
			dependencies = (
				111DB0542421C2B10072F108 /* PBXTargetDependency */,
			);
			name = FacebookUITests;
			productName = FacebookUITests;
			productReference = 111DB0522421C2B10072F108 /* FacebookUITests.xctest */;
			productType = "com.apple.product-type.bundle.ui-testing";
		};
/* End PBXNativeTarget section */

/* Begin PBXProject section */
		111DB0292421C2B10072F108 /* Project object */ = {
			isa = PBXProject;
			attributes = {
				LastSwiftUpdateCheck = 1130;
				LastUpgradeCheck = 1130;
				ORGANIZATIONNAME = mycostech;
				TargetAttributes = {
					111DB0302421C2B10072F108 = {
						CreatedOnToolsVersion = 11.3.1;
					};
					111DB0462421C2B10072F108 = {
						CreatedOnToolsVersion = 11.3.1;
						TestTargetID = 111DB0302421C2B10072F108;
					};
					111DB0512421C2B10072F108 = {
						CreatedOnToolsVersion = 11.3.1;
						TestTargetID = 111DB0302421C2B10072F108;
					};
				};
			};
			buildConfigurationList = 111DB02C2421C2B10072F108 /* Build configuration list for PBXProject "Facebook" */;
			compatibilityVersion = "Xcode 9.3";
			developmentRegion = en;
			hasScannedForEncodings = 0;
			knownRegions = (
				en,
				Base,
			);
			mainGroup = 111DB0282421C2B10072F108;
			productRefGroup = 111DB0322421C2B10072F108 /* Products */;
			projectDirPath = "";
			projectRoot = "";
			targets = (
				111DB0302421C2B10072F108 /* Facebook */,
				111DB0462421C2B10072F108 /* FacebookTests */,
				111DB0512421C2B10072F108 /* FacebookUITests */,
			);
		};
/* End PBXProject section */

/* Begin PBXResourcesBuildPhase section */
		111DB02F2421C2B10072F108 /* Resources */ = {
			isa = PBXResourcesBuildPhase;
			buildActionMask = 2147483647;
			files = (
				111DB0412421C2B10072F108 /* LaunchScreen.storyboard in Resources */,
				111DB03E2421C2B10072F108 /* Assets.xcassets in Resources */,
				111DB03C2421C2B10072F108 /* Main.storyboard in Resources */,
			);
			runOnlyForDeploymentPostprocessing = 0;
		};
		111DB0452421C2B10072F108 /* Resources */ = {
			isa = PBXResourcesBuildPhase;
			buildActionMask = 2147483647;
			files = (
			);
			runOnlyForDeploymentPostprocessing = 0;
		};
		111DB0502421C2B10072F108 /* Resources */ = {
			isa = PBXResourcesBuildPhase;
			buildActionMask = 2147483647;
			files = (
			);
			runOnlyForDeploymentPostprocessing = 0;
		};
/* End PBXResourcesBuildPhase section */

/* Begin PBXShellScriptBuildPhase section */
		2D9F6C3871BEABA181F50A96 /* [CP] Embed Pods Frameworks */ = {
			isa = PBXShellScriptBuildPhase;
			buildActionMask = 2147483647;
			files = (
			);
			inputFileListPaths = (
				"${PODS_ROOT}/Target Support Files/Pods-Facebook-FacebookUITests/Pods-Facebook-FacebookUITests-frameworks-${CONFIGURATION}-input-files.xcfilelist",
			);
			name = "[CP] Embed Pods Frameworks";
			outputFileListPaths = (
				"${PODS_ROOT}/Target Support Files/Pods-Facebook-FacebookUITests/Pods-Facebook-FacebookUITests-frameworks-${CONFIGURATION}-output-files.xcfilelist",
			);
			runOnlyForDeploymentPostprocessing = 0;
			shellPath = /bin/sh;
			shellScript = "\"${PODS_ROOT}/Target Support Files/Pods-Facebook-FacebookUITests/Pods-Facebook-FacebookUITests-frameworks.sh\"\n";
			showEnvVarsInLog = 0;
		};
		41F878C501F6C4920CFE9957 /* [CP] Check Pods Manifest.lock */ = {
			isa = PBXShellScriptBuildPhase;
			buildActionMask = 2147483647;
			files = (
			);
			inputFileListPaths = (
			);
			inputPaths = (
				"${PODS_PODFILE_DIR_PATH}/Podfile.lock",
				"${PODS_ROOT}/Manifest.lock",
			);
			name = "[CP] Check Pods Manifest.lock";
			outputFileListPaths = (
			);
			outputPaths = (
				"$(DERIVED_FILE_DIR)/Pods-FacebookTests-checkManifestLockResult.txt",
			);
			runOnlyForDeploymentPostprocessing = 0;
			shellPath = /bin/sh;
			shellScript = "diff \"${PODS_PODFILE_DIR_PATH}/Podfile.lock\" \"${PODS_ROOT}/Manifest.lock\" > /dev/null\nif [ $? != 0 ] ; then\n    # print error to STDERR\n    echo \"error: The sandbox is not in sync with the Podfile.lock. Run 'pod install' or update your CocoaPods installation.\" >&2\n    exit 1\nfi\n# This output is used by Xcode 'outputs' to avoid re-running this script phase.\necho \"SUCCESS\" > \"${SCRIPT_OUTPUT_FILE_0}\"\n";
			showEnvVarsInLog = 0;
		};
		91DBD49A7D487D180FE20E59 /* [CP] Check Pods Manifest.lock */ = {
			isa = PBXShellScriptBuildPhase;
			buildActionMask = 2147483647;
			files = (
			);
			inputFileListPaths = (
			);
			inputPaths = (
				"${PODS_PODFILE_DIR_PATH}/Podfile.lock",
				"${PODS_ROOT}/Manifest.lock",
			);
			name = "[CP] Check Pods Manifest.lock";
			outputFileListPaths = (
			);
			outputPaths = (
				"$(DERIVED_FILE_DIR)/Pods-Facebook-FacebookUITests-checkManifestLockResult.txt",
			);
			runOnlyForDeploymentPostprocessing = 0;
			shellPath = /bin/sh;
			shellScript = "diff \"${PODS_PODFILE_DIR_PATH}/Podfile.lock\" \"${PODS_ROOT}/Manifest.lock\" > /dev/null\nif [ $? != 0 ] ; then\n    # print error to STDERR\n    echo \"error: The sandbox is not in sync with the Podfile.lock. Run 'pod install' or update your CocoaPods installation.\" >&2\n    exit 1\nfi\n# This output is used by Xcode 'outputs' to avoid re-running this script phase.\necho \"SUCCESS\" > \"${SCRIPT_OUTPUT_FILE_0}\"\n";
			showEnvVarsInLog = 0;
		};
		C412F3BC4FDE5D5720734F29 /* [CP] Embed Pods Frameworks */ = {
			isa = PBXShellScriptBuildPhase;
			buildActionMask = 2147483647;
			files = (
			);
			inputFileListPaths = (
				"${PODS_ROOT}/Target Support Files/Pods-Facebook/Pods-Facebook-frameworks-${CONFIGURATION}-input-files.xcfilelist",
			);
			name = "[CP] Embed Pods Frameworks";
			outputFileListPaths = (
				"${PODS_ROOT}/Target Support Files/Pods-Facebook/Pods-Facebook-frameworks-${CONFIGURATION}-output-files.xcfilelist",
			);
			runOnlyForDeploymentPostprocessing = 0;
			shellPath = /bin/sh;
			shellScript = "\"${PODS_ROOT}/Target Support Files/Pods-Facebook/Pods-Facebook-frameworks.sh\"\n";
			showEnvVarsInLog = 0;
		};
		D903F2AEC366243441D473C6 /* [CP] Check Pods Manifest.lock */ = {
			isa = PBXShellScriptBuildPhase;
			buildActionMask = 2147483647;
			files = (
			);
			inputFileListPaths = (
			);
			inputPaths = (
				"${PODS_PODFILE_DIR_PATH}/Podfile.lock",
				"${PODS_ROOT}/Manifest.lock",
			);
			name = "[CP] Check Pods Manifest.lock";
			outputFileListPaths = (
			);
			outputPaths = (
				"$(DERIVED_FILE_DIR)/Pods-Facebook-checkManifestLockResult.txt",
			);
			runOnlyForDeploymentPostprocessing = 0;
			shellPath = /bin/sh;
			shellScript = "diff \"${PODS_PODFILE_DIR_PATH}/Podfile.lock\" \"${PODS_ROOT}/Manifest.lock\" > /dev/null\nif [ $? != 0 ] ; then\n    # print error to STDERR\n    echo \"error: The sandbox is not in sync with the Podfile.lock. Run 'pod install' or update your CocoaPods installation.\" >&2\n    exit 1\nfi\n# This output is used by Xcode 'outputs' to avoid re-running this script phase.\necho \"SUCCESS\" > \"${SCRIPT_OUTPUT_FILE_0}\"\n";
			showEnvVarsInLog = 0;
		};
/* End PBXShellScriptBuildPhase section */

/* Begin PBXSourcesBuildPhase section */
		111DB02D2421C2B10072F108 /* Sources */ = {
			isa = PBXSourcesBuildPhase;
			buildActionMask = 2147483647;
			files = (
				E0F775DC2438E8DE002D7862 /* FeedCell2TableViewCell.swift in Sources */,
				E0B94F7C2447EFC2001B7E2C /* Feed.swift in Sources */,
				E065E5372438F48D0048BC64 /* ProfileCell1TableViewCell.swift in Sources */,
				E0B94F8324486387001B7E2C /* FriensCollectionViewCell.swift in Sources */,
				E065E53F2438F7C40048BC64 /* ProfileCell5TableViewCell.swift in Sources */,
				E07BFD77243DD888008D150D /* Comment.swift in Sources */,
				E0B94F80244847AA001B7E2C /* MoreViewController.swift in Sources */,
				E0DF18172438249800BF0093 /* User.swift in Sources */,
				E08D5F09243EA3AF00212F51 /* LoginViewController.swift in Sources */,
				E0F775DA2438E83E002D7862 /* FeedCell1TableViewCell.swift in Sources */,
				E0DF182E24385D9700BF0093 /* ProfileViewController.swift in Sources */,
				E0DF18282438593200BF0093 /* Registered.swift in Sources */,
				E0DF1824243857CA00BF0093 /* Login.swift in Sources */,
				111DB0392421C2B10072F108 /* ViewController.swift in Sources */,
				E065E5392438F51B0048BC64 /* ProfileCell2TableViewCell.swift in Sources */,
				E0DF182C24385BE000BF0093 /* Picture.swift in Sources */,
				E08B1F322438786B00CB5427 /* FeedViewController.swift in Sources */,
				E0DF18222438561900BF0093 /* Timezone.swift in Sources */,
				E0DF1826243858AB00BF0093 /* Dob.swift in Sources */,
				111DB0352421C2B10072F108 /* AppDelegate.swift in Sources */,
				E065E53D2438F7070048BC64 /* ProfileCell4TableViewCell.swift in Sources */,
				111DB0372421C2B10072F108 /* SceneDelegate.swift in Sources */,
				E0F520F7244D9A84009CB239 /* CommentViewController.swift in Sources */,
				E0DF181B243853CB00BF0093 /* Location.swift in Sources */,
				E065E53B2438F6F70048BC64 /* ProfileCell3TableViewCell.swift in Sources */,
				E0DF18192438530300BF0093 /* Name.swift in Sources */,
				E0DF182A2438599700BF0093 /* Id.swift in Sources */,
				E0DF181D243854A000BF0093 /* Street.swift in Sources */,
				E0656101243CDFED00E1A2BD /* Friends.swift in Sources */,
				E0E5D1A52439E1E500CD048F /* UserAccountData.swift in Sources */,
				E0E5D1AB243A0E5900CD048F /* FriendsAccountData.swift in Sources */,
				E0DF18202438557E00BF0093 /* Coordinates.swift in Sources */,
				E0E5D1A92439FB3C00CD048F /* Results.swift in Sources */,
				E0B94F7E24483A9F001B7E2C /* Titles.swift in Sources */,
			);
			runOnlyForDeploymentPostprocessing = 0;
		};
		111DB0432421C2B10072F108 /* Sources */ = {
			isa = PBXSourcesBuildPhase;
			buildActionMask = 2147483647;
			files = (
				111DB04C2421C2B10072F108 /* FacebookTests.swift in Sources */,
			);
			runOnlyForDeploymentPostprocessing = 0;
		};
		111DB04E2421C2B10072F108 /* Sources */ = {
			isa = PBXSourcesBuildPhase;
			buildActionMask = 2147483647;
			files = (
				111DB0572421C2B10072F108 /* FacebookUITests.swift in Sources */,
			);
			runOnlyForDeploymentPostprocessing = 0;
		};
/* End PBXSourcesBuildPhase section */

/* Begin PBXTargetDependency section */
		111DB0492421C2B10072F108 /* PBXTargetDependency */ = {
			isa = PBXTargetDependency;
			target = 111DB0302421C2B10072F108 /* Facebook */;
			targetProxy = 111DB0482421C2B10072F108 /* PBXContainerItemProxy */;
		};
		111DB0542421C2B10072F108 /* PBXTargetDependency */ = {
			isa = PBXTargetDependency;
			target = 111DB0302421C2B10072F108 /* Facebook */;
			targetProxy = 111DB0532421C2B10072F108 /* PBXContainerItemProxy */;
		};
/* End PBXTargetDependency section */

/* Begin PBXVariantGroup section */
		111DB03A2421C2B10072F108 /* Main.storyboard */ = {
			isa = PBXVariantGroup;
			children = (
				111DB03B2421C2B10072F108 /* Base */,
			);
			name = Main.storyboard;
			sourceTree = "<group>";
		};
		111DB03F2421C2B10072F108 /* LaunchScreen.storyboard */ = {
			isa = PBXVariantGroup;
			children = (
				111DB0402421C2B10072F108 /* Base */,
			);
			name = LaunchScreen.storyboard;
			sourceTree = "<group>";
		};
/* End PBXVariantGroup section */

/* Begin XCBuildConfiguration section */
		111DB0592421C2B10072F108 /* Debug */ = {
			isa = XCBuildConfiguration;
			buildSettings = {
				ALWAYS_SEARCH_USER_PATHS = NO;
				CLANG_ANALYZER_NONNULL = YES;
				CLANG_ANALYZER_NUMBER_OBJECT_CONVERSION = YES_AGGRESSIVE;
				CLANG_CXX_LANGUAGE_STANDARD = "gnu++14";
				CLANG_CXX_LIBRARY = "libc++";
				CLANG_ENABLE_MODULES = YES;
				CLANG_ENABLE_OBJC_ARC = YES;
				CLANG_ENABLE_OBJC_WEAK = YES;
				CLANG_WARN_BLOCK_CAPTURE_AUTORELEASING = YES;
				CLANG_WARN_BOOL_CONVERSION = YES;
				CLANG_WARN_COMMA = YES;
				CLANG_WARN_CONSTANT_CONVERSION = YES;
				CLANG_WARN_DEPRECATED_OBJC_IMPLEMENTATIONS = YES;
				CLANG_WARN_DIRECT_OBJC_ISA_USAGE = YES_ERROR;
				CLANG_WARN_DOCUMENTATION_COMMENTS = YES;
				CLANG_WARN_EMPTY_BODY = YES;
				CLANG_WARN_ENUM_CONVERSION = YES;
				CLANG_WARN_INFINITE_RECURSION = YES;
				CLANG_WARN_INT_CONVERSION = YES;
				CLANG_WARN_NON_LITERAL_NULL_CONVERSION = YES;
				CLANG_WARN_OBJC_IMPLICIT_RETAIN_SELF = YES;
				CLANG_WARN_OBJC_LITERAL_CONVERSION = YES;
				CLANG_WARN_OBJC_ROOT_CLASS = YES_ERROR;
				CLANG_WARN_RANGE_LOOP_ANALYSIS = YES;
				CLANG_WARN_STRICT_PROTOTYPES = YES;
				CLANG_WARN_SUSPICIOUS_MOVE = YES;
				CLANG_WARN_UNGUARDED_AVAILABILITY = YES_AGGRESSIVE;
				CLANG_WARN_UNREACHABLE_CODE = YES;
				CLANG_WARN__DUPLICATE_METHOD_MATCH = YES;
				COPY_PHASE_STRIP = NO;
				DEBUG_INFORMATION_FORMAT = dwarf;
				ENABLE_STRICT_OBJC_MSGSEND = YES;
				ENABLE_TESTABILITY = YES;
				GCC_C_LANGUAGE_STANDARD = gnu11;
				GCC_DYNAMIC_NO_PIC = NO;
				GCC_NO_COMMON_BLOCKS = YES;
				GCC_OPTIMIZATION_LEVEL = 0;
				GCC_PREPROCESSOR_DEFINITIONS = (
					"DEBUG=1",
					"$(inherited)",
				);
				GCC_WARN_64_TO_32_BIT_CONVERSION = YES;
				GCC_WARN_ABOUT_RETURN_TYPE = YES_ERROR;
				GCC_WARN_UNDECLARED_SELECTOR = YES;
				GCC_WARN_UNINITIALIZED_AUTOS = YES_AGGRESSIVE;
				GCC_WARN_UNUSED_FUNCTION = YES;
				GCC_WARN_UNUSED_VARIABLE = YES;
				IPHONEOS_DEPLOYMENT_TARGET = 13.2;
				MTL_ENABLE_DEBUG_INFO = INCLUDE_SOURCE;
				MTL_FAST_MATH = YES;
				ONLY_ACTIVE_ARCH = YES;
				SDKROOT = iphoneos;
				SWIFT_ACTIVE_COMPILATION_CONDITIONS = DEBUG;
				SWIFT_OPTIMIZATION_LEVEL = "-Onone";
			};
			name = Debug;
		};
		111DB05A2421C2B10072F108 /* Release */ = {
			isa = XCBuildConfiguration;
			buildSettings = {
				ALWAYS_SEARCH_USER_PATHS = NO;
				CLANG_ANALYZER_NONNULL = YES;
				CLANG_ANALYZER_NUMBER_OBJECT_CONVERSION = YES_AGGRESSIVE;
				CLANG_CXX_LANGUAGE_STANDARD = "gnu++14";
				CLANG_CXX_LIBRARY = "libc++";
				CLANG_ENABLE_MODULES = YES;
				CLANG_ENABLE_OBJC_ARC = YES;
				CLANG_ENABLE_OBJC_WEAK = YES;
				CLANG_WARN_BLOCK_CAPTURE_AUTORELEASING = YES;
				CLANG_WARN_BOOL_CONVERSION = YES;
				CLANG_WARN_COMMA = YES;
				CLANG_WARN_CONSTANT_CONVERSION = YES;
				CLANG_WARN_DEPRECATED_OBJC_IMPLEMENTATIONS = YES;
				CLANG_WARN_DIRECT_OBJC_ISA_USAGE = YES_ERROR;
				CLANG_WARN_DOCUMENTATION_COMMENTS = YES;
				CLANG_WARN_EMPTY_BODY = YES;
				CLANG_WARN_ENUM_CONVERSION = YES;
				CLANG_WARN_INFINITE_RECURSION = YES;
				CLANG_WARN_INT_CONVERSION = YES;
				CLANG_WARN_NON_LITERAL_NULL_CONVERSION = YES;
				CLANG_WARN_OBJC_IMPLICIT_RETAIN_SELF = YES;
				CLANG_WARN_OBJC_LITERAL_CONVERSION = YES;
				CLANG_WARN_OBJC_ROOT_CLASS = YES_ERROR;
				CLANG_WARN_RANGE_LOOP_ANALYSIS = YES;
				CLANG_WARN_STRICT_PROTOTYPES = YES;
				CLANG_WARN_SUSPICIOUS_MOVE = YES;
				CLANG_WARN_UNGUARDED_AVAILABILITY = YES_AGGRESSIVE;
				CLANG_WARN_UNREACHABLE_CODE = YES;
				CLANG_WARN__DUPLICATE_METHOD_MATCH = YES;
				COPY_PHASE_STRIP = NO;
				DEBUG_INFORMATION_FORMAT = "dwarf-with-dsym";
				ENABLE_NS_ASSERTIONS = NO;
				ENABLE_STRICT_OBJC_MSGSEND = YES;
				GCC_C_LANGUAGE_STANDARD = gnu11;
				GCC_NO_COMMON_BLOCKS = YES;
				GCC_WARN_64_TO_32_BIT_CONVERSION = YES;
				GCC_WARN_ABOUT_RETURN_TYPE = YES_ERROR;
				GCC_WARN_UNDECLARED_SELECTOR = YES;
				GCC_WARN_UNINITIALIZED_AUTOS = YES_AGGRESSIVE;
				GCC_WARN_UNUSED_FUNCTION = YES;
				GCC_WARN_UNUSED_VARIABLE = YES;
				IPHONEOS_DEPLOYMENT_TARGET = 13.2;
				MTL_ENABLE_DEBUG_INFO = NO;
				MTL_FAST_MATH = YES;
				SDKROOT = iphoneos;
				SWIFT_COMPILATION_MODE = wholemodule;
				SWIFT_OPTIMIZATION_LEVEL = "-O";
				VALIDATE_PRODUCT = YES;
			};
			name = Release;
		};
		111DB05C2421C2B10072F108 /* Debug */ = {
			isa = XCBuildConfiguration;
			baseConfigurationReference = 927F1843FBC6660327D287C7 /* Pods-Facebook.debug.xcconfig */;
			buildSettings = {
				ASSETCATALOG_COMPILER_APPICON_NAME = AppIcon;
				CODE_SIGN_STYLE = Automatic;
				DEVELOPMENT_TEAM = NC49C3JWHD;
				INFOPLIST_FILE = Facebook/Info.plist;
				IPHONEOS_DEPLOYMENT_TARGET = 13.0;
				LD_RUNPATH_SEARCH_PATHS = (
					"$(inherited)",
					"@executable_path/Frameworks",
				);
				PRODUCT_BUNDLE_IDENTIFIER = com.test.Facebookclone;
				PRODUCT_NAME = clone_Facebook;
				SWIFT_VERSION = 5.0;
				TARGETED_DEVICE_FAMILY = "1,2";
			};
			name = Debug;
		};
		111DB05D2421C2B10072F108 /* Release */ = {
			isa = XCBuildConfiguration;
			baseConfigurationReference = AB7168152B3E128439AC60F2 /* Pods-Facebook.release.xcconfig */;
			buildSettings = {
				ASSETCATALOG_COMPILER_APPICON_NAME = AppIcon;
				CODE_SIGN_STYLE = Automatic;
				DEVELOPMENT_TEAM = NC49C3JWHD;
				INFOPLIST_FILE = Facebook/Info.plist;
				IPHONEOS_DEPLOYMENT_TARGET = 13.0;
				LD_RUNPATH_SEARCH_PATHS = (
					"$(inherited)",
					"@executable_path/Frameworks",
				);
				PRODUCT_BUNDLE_IDENTIFIER = com.test.Facebookclone;
				PRODUCT_NAME = clone_Facebook;
				SWIFT_VERSION = 5.0;
				TARGETED_DEVICE_FAMILY = "1,2";
			};
			name = Release;
		};
		111DB05F2421C2B10072F108 /* Debug */ = {
			isa = XCBuildConfiguration;
			baseConfigurationReference = E7DD7F2B88DE516B07619D26 /* Pods-FacebookTests.debug.xcconfig */;
			buildSettings = {
				ALWAYS_EMBED_SWIFT_STANDARD_LIBRARIES = YES;
				BUNDLE_LOADER = "$(TEST_HOST)";
				CODE_SIGN_STYLE = Automatic;
				INFOPLIST_FILE = FacebookTests/Info.plist;
				IPHONEOS_DEPLOYMENT_TARGET = 13.2;
				LD_RUNPATH_SEARCH_PATHS = (
					"$(inherited)",
					"@executable_path/Frameworks",
					"@loader_path/Frameworks",
				);
				PRODUCT_BUNDLE_IDENTIFIER = com.test.FacebookTests;
				PRODUCT_NAME = "$(TARGET_NAME)";
				SWIFT_VERSION = 5.0;
				TARGETED_DEVICE_FAMILY = "1,2";
				TEST_HOST = "$(BUILT_PRODUCTS_DIR)/Facebook.app/Facebook";
			};
			name = Debug;
		};
		111DB0602421C2B10072F108 /* Release */ = {
			isa = XCBuildConfiguration;
			baseConfigurationReference = B06303DB96E237A215AB6D0A /* Pods-FacebookTests.release.xcconfig */;
			buildSettings = {
				ALWAYS_EMBED_SWIFT_STANDARD_LIBRARIES = YES;
				BUNDLE_LOADER = "$(TEST_HOST)";
				CODE_SIGN_STYLE = Automatic;
				INFOPLIST_FILE = FacebookTests/Info.plist;
				IPHONEOS_DEPLOYMENT_TARGET = 13.2;
				LD_RUNPATH_SEARCH_PATHS = (
					"$(inherited)",
					"@executable_path/Frameworks",
					"@loader_path/Frameworks",
				);
				PRODUCT_BUNDLE_IDENTIFIER = com.test.FacebookTests;
				PRODUCT_NAME = "$(TARGET_NAME)";
				SWIFT_VERSION = 5.0;
				TARGETED_DEVICE_FAMILY = "1,2";
				TEST_HOST = "$(BUILT_PRODUCTS_DIR)/Facebook.app/Facebook";
			};
			name = Release;
		};
		111DB0622421C2B10072F108 /* Debug */ = {
			isa = XCBuildConfiguration;
			baseConfigurationReference = 52AF4DB4909F435D1522F28E /* Pods-Facebook-FacebookUITests.debug.xcconfig */;
			buildSettings = {
				ALWAYS_EMBED_SWIFT_STANDARD_LIBRARIES = YES;
				CODE_SIGN_STYLE = Automatic;
				INFOPLIST_FILE = FacebookUITests/Info.plist;
				LD_RUNPATH_SEARCH_PATHS = (
					"$(inherited)",
					"@executable_path/Frameworks",
					"@loader_path/Frameworks",
				);
				PRODUCT_BUNDLE_IDENTIFIER = com.test.FacebookUITests;
				PRODUCT_NAME = "$(TARGET_NAME)";
				SWIFT_VERSION = 5.0;
				TARGETED_DEVICE_FAMILY = "1,2";
				TEST_TARGET_NAME = Facebook;
			};
			name = Debug;
		};
		111DB0632421C2B10072F108 /* Release */ = {
			isa = XCBuildConfiguration;
			baseConfigurationReference = 28E8587C05B79920BCD0B486 /* Pods-Facebook-FacebookUITests.release.xcconfig */;
			buildSettings = {
				ALWAYS_EMBED_SWIFT_STANDARD_LIBRARIES = YES;
				CODE_SIGN_STYLE = Automatic;
				INFOPLIST_FILE = FacebookUITests/Info.plist;
				LD_RUNPATH_SEARCH_PATHS = (
					"$(inherited)",
					"@executable_path/Frameworks",
					"@loader_path/Frameworks",
				);
				PRODUCT_BUNDLE_IDENTIFIER = com.test.FacebookUITests;
				PRODUCT_NAME = "$(TARGET_NAME)";
				SWIFT_VERSION = 5.0;
				TARGETED_DEVICE_FAMILY = "1,2";
				TEST_TARGET_NAME = Facebook;
			};
			name = Release;
		};
/* End XCBuildConfiguration section */

/* Begin XCConfigurationList section */
		111DB02C2421C2B10072F108 /* Build configuration list for PBXProject "Facebook" */ = {
			isa = XCConfigurationList;
			buildConfigurations = (
				111DB0592421C2B10072F108 /* Debug */,
				111DB05A2421C2B10072F108 /* Release */,
			);
			defaultConfigurationIsVisible = 0;
			defaultConfigurationName = Release;
		};
		111DB05B2421C2B10072F108 /* Build configuration list for PBXNativeTarget "Facebook" */ = {
			isa = XCConfigurationList;
			buildConfigurations = (
				111DB05C2421C2B10072F108 /* Debug */,
				111DB05D2421C2B10072F108 /* Release */,
			);
			defaultConfigurationIsVisible = 0;
			defaultConfigurationName = Release;
		};
		111DB05E2421C2B10072F108 /* Build configuration list for PBXNativeTarget "FacebookTests" */ = {
			isa = XCConfigurationList;
			buildConfigurations = (
				111DB05F2421C2B10072F108 /* Debug */,
				111DB0602421C2B10072F108 /* Release */,
			);
			defaultConfigurationIsVisible = 0;
			defaultConfigurationName = Release;
		};
		111DB0612421C2B10072F108 /* Build configuration list for PBXNativeTarget "FacebookUITests" */ = {
			isa = XCConfigurationList;
			buildConfigurations = (
				111DB0622421C2B10072F108 /* Debug */,
				111DB0632421C2B10072F108 /* Release */,
			);
			defaultConfigurationIsVisible = 0;
			defaultConfigurationName = Release;
		};
/* End XCConfigurationList section */
	};
	rootObject = 111DB0292421C2B10072F108 /* Project object */;
}
